
Microsoft Visual Studio Solution File, Format Version 12.00
# Visual Studio 2012
Project("{FAE04EC0-301F-11D3-BF4B-00C04F79EFBC}") = "MonoProject1", "MonoProject1\MonoProject1.csproj", "{89C62C63-46F0-4312-B8FD-626675FDABDA}"
EndProject
Global
	GlobalSection(SolutionConfigurationPlatforms) = preSolution
		Debug|Any CPU = Debug|Any CPU
		Release|Any CPU = Release|Any CPU
	EndGlobalSection
	GlobalSection(ProjectConfigurationPlatforms) = postSolution
		{89C62C63-46F0-4312-B8FD-626675FDABDA}.Debug|Any CPU.ActiveCfg = Debug|Any CPU
		{89C62C63-46F0-4312-B8FD-626675FDABDA}.Debug|Any CPU.Build.0 = Debug|Any CPU
		{89C62C63-46F0-4312-B8FD-626675FDABDA}.Release|Any CPU.ActiveCfg = Release|Any CPU
		{89C62C63-46F0-4312-B8FD-626675FDABDA}.Release|Any CPU.Build.0 = Release|Any CPU
	EndGlobalSection
	GlobalSection(MonoDevelopProperties) = preSolution
		StartupItem = MonoProject1\MonoProject1.csproj
	EndGlobalSection
EndGlobal
